
Microsoft Visual Studio Solution File, Format Version 12.00
# Visual Studio Version 16
VisualStudioVersion = 16.0.31624.102
MinimumVisualStudioVersion = 10.0.40219.1
Project("{FAE04EC0-301F-11D3-BF4B-00C04F79EFBC}") = "InsuranceAPI", "InsuranceAPI.csproj", "{18644998-C0F5-4990-A47F-8B44E42ED9B8}"
EndProject
Global
	GlobalSection(SolutionConfigurationPlatforms) = preSolution
		Debug|Any CPU = Debug|Any CPU
		Release|Any CPU = Release|Any CPU
	EndGlobalSection
	GlobalSection(ProjectConfigurationPlatforms) = postSolution
		{18644998-C0F5-4990-A47F-8B44E42ED9B8}.Debug|Any CPU.ActiveCfg = Debug|Any CPU
		{18644998-C0F5-4990-A47F-8B44E42ED9B8}.Debug|Any CPU.Build.0 = Debug|Any CPU
		{18644998-C0F5-4990-A47F-8B44E42ED9B8}.Release|Any CPU.ActiveCfg = Release|Any CPU
		{18644998-C0F5-4990-A47F-8B44E42ED9B8}.Release|Any CPU.Build.0 = Release|Any CPU
	EndGlobalSection
	GlobalSection(SolutionProperties) = preSolution
		HideSolutionNode = FALSE
	EndGlobalSection
	GlobalSection(ExtensibilityGlobals) = postSolution
		SolutionGuid = {6EA9655D-290A-4513-907E-C2738BA1B59E}
	EndGlobalSection
EndGlobal
